
Microsoft Visual Studio Solution File, Format Version 12.00
# Visual Studio 14
VisualStudioVersion = 14.0.25420.1
MinimumVisualStudioVersion = 10.0.40219.1
Project("{FAE04EC0-301F-11D3-BF4B-00C04F79EFBC}") = "DataCalculation", "DataCalculation\DataCalculation.csproj", "{5D99602E-75D0-49CE-BAAB-10E6201F3AF7}"
EndProject
Project("{FAE04EC0-301F-11D3-BF4B-00C04F79EFBC}") = "AllDataWereAnalyzed", "AllDataWereAnalyzed\AllDataWereAnalyzed.csproj", "{32F51620-5257-401F-BF26-2EE7FA7C1B77}"
EndProject
Global
	GlobalSection(SolutionConfigurationPlatforms) = preSolution
		Debug|Any CPU = Debug|Any CPU
		Release|Any CPU = Release|Any CPU
	EndGlobalSection
	GlobalSection(ProjectConfigurationPlatforms) = postSolution
		{5D99602E-75D0-49CE-BAAB-10E6201F3AF7}.Debug|Any CPU.ActiveCfg = Debug|Any CPU
		{5D99602E-75D0-49CE-BAAB-10E6201F3AF7}.Debug|Any CPU.Build.0 = Debug|Any CPU
		{5D99602E-75D0-49CE-BAAB-10E6201F3AF7}.Release|Any CPU.ActiveCfg = Release|Any CPU
		{5D99602E-75D0-49CE-BAAB-10E6201F3AF7}.Release|Any CPU.Build.0 = Release|Any CPU
		{32F51620-5257-401F-BF26-2EE7FA7C1B77}.Debug|Any CPU.ActiveCfg = Debug|Any CPU
		{32F51620-5257-401F-BF26-2EE7FA7C1B77}.Debug|Any CPU.Build.0 = Debug|Any CPU
		{32F51620-5257-401F-BF26-2EE7FA7C1B77}.Release|Any CPU.ActiveCfg = Release|Any CPU
		{32F51620-5257-401F-BF26-2EE7FA7C1B77}.Release|Any CPU.Build.0 = Release|Any CPU
	EndGlobalSection
	GlobalSection(SolutionProperties) = preSolution
		HideSolutionNode = FALSE
	EndGlobalSection
	GlobalSection(ExtensibilityGlobals) = postSolution
		SolutionGuid = {87B33642-7766-41D5-81DB-6344034F18A8}
	EndGlobalSection
EndGlobal
