
Microsoft Visual Studio Solution File, Format Version 12.00
# Visual Studio Version 16
VisualStudioVersion = 16.0.30320.27
MinimumVisualStudioVersion = 10.0.40219.1
Project("{FAE04EC0-301F-11D3-BF4B-00C04F79EFBC}") = "DataCalculation", "DataCalculation\DataCalculation.csproj", "{5D99602E-75D0-49CE-BAAB-10E6201F3AF7}"
EndProject
Project("{FAE04EC0-301F-11D3-BF4B-00C04F79EFBC}") = "AllDataWereAnalyzed", "AllDataWereAnalyzed\AllDataWereAnalyzed.csproj", "{32F51620-5257-401F-BF26-2EE7FA7C1B77}"
EndProject
Project("{C7167F0D-BC9F-4E6E-AFE1-012C56B48DB5}") = "WapProjTemplate1", "WapProjTemplate1\WapProjTemplate1.wapproj", "{F9D38F7A-E01F-4F55-A2F4-66574D343201}"
EndProject
Global
	GlobalSection(SolutionConfigurationPlatforms) = preSolution
		Debug|Any CPU = Debug|Any CPU
		Debug|ARM = Debug|ARM
		Debug|ARM64 = Debug|ARM64
		Debug|x64 = Debug|x64
		Debug|x86 = Debug|x86
		Release|Any CPU = Release|Any CPU
		Release|ARM = Release|ARM
		Release|ARM64 = Release|ARM64
		Release|x64 = Release|x64
		Release|x86 = Release|x86
	EndGlobalSection
	GlobalSection(ProjectConfigurationPlatforms) = postSolution
		{5D99602E-75D0-49CE-BAAB-10E6201F3AF7}.Debug|Any CPU.ActiveCfg = Debug|Any CPU
		{5D99602E-75D0-49CE-BAAB-10E6201F3AF7}.Debug|Any CPU.Build.0 = Debug|Any CPU
		{5D99602E-75D0-49CE-BAAB-10E6201F3AF7}.Debug|ARM.ActiveCfg = Debug|Any CPU
		{5D99602E-75D0-49CE-BAAB-10E6201F3AF7}.Debug|ARM.Build.0 = Debug|Any CPU
		{5D99602E-75D0-49CE-BAAB-10E6201F3AF7}.Debug|ARM64.ActiveCfg = Debug|Any CPU
		{5D99602E-75D0-49CE-BAAB-10E6201F3AF7}.Debug|ARM64.Build.0 = Debug|Any CPU
		{5D99602E-75D0-49CE-BAAB-10E6201F3AF7}.Debug|x64.ActiveCfg = Debug|Any CPU
		{5D99602E-75D0-49CE-BAAB-10E6201F3AF7}.Debug|x64.Build.0 = Debug|Any CPU
		{5D99602E-75D0-49CE-BAAB-10E6201F3AF7}.Debug|x86.ActiveCfg = Debug|Any CPU
		{5D99602E-75D0-49CE-BAAB-10E6201F3AF7}.Debug|x86.Build.0 = Debug|Any CPU
		{5D99602E-75D0-49CE-BAAB-10E6201F3AF7}.Release|Any CPU.ActiveCfg = Release|Any CPU
		{5D99602E-75D0-49CE-BAAB-10E6201F3AF7}.Release|Any CPU.Build.0 = Release|Any CPU
		{5D99602E-75D0-49CE-BAAB-10E6201F3AF7}.Release|ARM.ActiveCfg = Release|Any CPU
		{5D99602E-75D0-49CE-BAAB-10E6201F3AF7}.Release|ARM.Build.0 = Release|Any CPU
		{5D99602E-75D0-49CE-BAAB-10E6201F3AF7}.Release|ARM64.ActiveCfg = Release|Any CPU
		{5D99602E-75D0-49CE-BAAB-10E6201F3AF7}.Release|ARM64.Build.0 = Release|Any CPU
		{5D99602E-75D0-49CE-BAAB-10E6201F3AF7}.Release|x64.ActiveCfg = Release|Any CPU
		{5D99602E-75D0-49CE-BAAB-10E6201F3AF7}.Release|x64.Build.0 = Release|Any CPU
		{5D99602E-75D0-49CE-BAAB-10E6201F3AF7}.Release|x86.ActiveCfg = Release|Any CPU
		{5D99602E-75D0-49CE-BAAB-10E6201F3AF7}.Release|x86.Build.0 = Release|Any CPU
		{32F51620-5257-401F-BF26-2EE7FA7C1B77}.Debug|Any CPU.ActiveCfg = Debug|Any CPU
		{32F51620-5257-401F-BF26-2EE7FA7C1B77}.Debug|Any CPU.Build.0 = Debug|Any CPU
		{32F51620-5257-401F-BF26-2EE7FA7C1B77}.Debug|ARM.ActiveCfg = Debug|Any CPU
		{32F51620-5257-401F-BF26-2EE7FA7C1B77}.Debug|ARM.Build.0 = Debug|Any CPU
		{32F51620-5257-401F-BF26-2EE7FA7C1B77}.Debug|ARM64.ActiveCfg = Debug|Any CPU
		{32F51620-5257-401F-BF26-2EE7FA7C1B77}.Debug|ARM64.Build.0 = Debug|Any CPU
		{32F51620-5257-401F-BF26-2EE7FA7C1B77}.Debug|x64.ActiveCfg = Debug|Any CPU
		{32F51620-5257-401F-BF26-2EE7FA7C1B77}.Debug|x64.Build.0 = Debug|Any CPU
		{32F51620-5257-401F-BF26-2EE7FA7C1B77}.Debug|x86.ActiveCfg = Debug|Any CPU
		{32F51620-5257-401F-BF26-2EE7FA7C1B77}.Debug|x86.Build.0 = Debug|Any CPU
		{32F51620-5257-401F-BF26-2EE7FA7C1B77}.Release|Any CPU.ActiveCfg = Release|Any CPU
		{32F51620-5257-401F-BF26-2EE7FA7C1B77}.Release|Any CPU.Build.0 = Release|Any CPU
		{32F51620-5257-401F-BF26-2EE7FA7C1B77}.Release|ARM.ActiveCfg = Release|Any CPU
		{32F51620-5257-401F-BF26-2EE7FA7C1B77}.Release|ARM.Build.0 = Release|Any CPU
		{32F51620-5257-401F-BF26-2EE7FA7C1B77}.Release|ARM64.ActiveCfg = Release|Any CPU
		{32F51620-5257-401F-BF26-2EE7FA7C1B77}.Release|ARM64.Build.0 = Release|Any CPU
		{32F51620-5257-401F-BF26-2EE7FA7C1B77}.Release|x64.ActiveCfg = Release|Any CPU
		{32F51620-5257-401F-BF26-2EE7FA7C1B77}.Release|x64.Build.0 = Release|Any CPU
		{32F51620-5257-401F-BF26-2EE7FA7C1B77}.Release|x86.ActiveCfg = Release|Any CPU
		{32F51620-5257-401F-BF26-2EE7FA7C1B77}.Release|x86.Build.0 = Release|Any CPU
		{F9D38F7A-E01F-4F55-A2F4-66574D343201}.Debug|Any CPU.ActiveCfg = Debug|x64
		{F9D38F7A-E01F-4F55-A2F4-66574D343201}.Debug|Any CPU.Build.0 = Debug|x64
		{F9D38F7A-E01F-4F55-A2F4-66574D343201}.Debug|Any CPU.Deploy.0 = Debug|x64
		{F9D38F7A-E01F-4F55-A2F4-66574D343201}.Debug|ARM.ActiveCfg = Debug|ARM
		{F9D38F7A-E01F-4F55-A2F4-66574D343201}.Debug|ARM.Build.0 = Debug|ARM
		{F9D38F7A-E01F-4F55-A2F4-66574D343201}.Debug|ARM.Deploy.0 = Debug|ARM
		{F9D38F7A-E01F-4F55-A2F4-66574D343201}.Debug|ARM64.ActiveCfg = Debug|ARM64
		{F9D38F7A-E01F-4F55-A2F4-66574D343201}.Debug|ARM64.Build.0 = Debug|ARM64
		{F9D38F7A-E01F-4F55-A2F4-66574D343201}.Debug|ARM64.Deploy.0 = Debug|ARM64
		{F9D38F7A-E01F-4F55-A2F4-66574D343201}.Debug|x64.ActiveCfg = Debug|x64
		{F9D38F7A-E01F-4F55-A2F4-66574D343201}.Debug|x64.Build.0 = Debug|x64
		{F9D38F7A-E01F-4F55-A2F4-66574D343201}.Debug|x64.Deploy.0 = Debug|x64
		{F9D38F7A-E01F-4F55-A2F4-66574D343201}.Debug|x86.ActiveCfg = Debug|x86
		{F9D38F7A-E01F-4F55-A2F4-66574D343201}.Debug|x86.Build.0 = Debug|x86
		{F9D38F7A-E01F-4F55-A2F4-66574D343201}.Debug|x86.Deploy.0 = Debug|x86
		{F9D38F7A-E01F-4F55-A2F4-66574D343201}.Release|Any CPU.ActiveCfg = Release|Any CPU
		{F9D38F7A-E01F-4F55-A2F4-66574D343201}.Release|Any CPU.Build.0 = Release|Any CPU
		{F9D38F7A-E01F-4F55-A2F4-66574D343201}.Release|Any CPU.Deploy.0 = Release|Any CPU
		{F9D38F7A-E01F-4F55-A2F4-66574D343201}.Release|ARM.ActiveCfg = Release|ARM
		{F9D38F7A-E01F-4F55-A2F4-66574D343201}.Release|ARM.Build.0 = Release|ARM
		{F9D38F7A-E01F-4F55-A2F4-66574D343201}.Release|ARM.Deploy.0 = Release|ARM
		{F9D38F7A-E01F-4F55-A2F4-66574D343201}.Release|ARM64.ActiveCfg = Release|ARM64
		{F9D38F7A-E01F-4F55-A2F4-66574D343201}.Release|ARM64.Build.0 = Release|ARM64
		{F9D38F7A-E01F-4F55-A2F4-66574D343201}.Release|ARM64.Deploy.0 = Release|ARM64
		{F9D38F7A-E01F-4F55-A2F4-66574D343201}.Release|x64.ActiveCfg = Release|x64
		{F9D38F7A-E01F-4F55-A2F4-66574D343201}.Release|x64.Build.0 = Release|x64
		{F9D38F7A-E01F-4F55-A2F4-66574D343201}.Release|x64.Deploy.0 = Release|x64
		{F9D38F7A-E01F-4F55-A2F4-66574D343201}.Release|x86.ActiveCfg = Release|x86
		{F9D38F7A-E01F-4F55-A2F4-66574D343201}.Release|x86.Build.0 = Release|x86
		{F9D38F7A-E01F-4F55-A2F4-66574D343201}.Release|x86.Deploy.0 = Release|x86
	EndGlobalSection
	GlobalSection(SolutionProperties) = preSolution
		HideSolutionNode = FALSE
	EndGlobalSection
	GlobalSection(ExtensibilityGlobals) = postSolution
		SolutionGuid = {335CCA26-6910-47AD-86D0-9952939B99BD}
	EndGlobalSection
EndGlobal
